
Microsoft Visual Studio Solution File, Format Version 12.00
# Visual Studio Version 16
VisualStudioVersion = 16.0.31229.75
MinimumVisualStudioVersion = 10.0.40219.1
Project("{FAE04EC0-301F-11D3-BF4B-00C04F79EFBC}") = "XamHelloWorld.Android", "XamHelloWorld\XamHelloWorld.Android\XamHelloWorld.Android.csproj", "{458CC06A-98C8-4E57-A102-3B6241EF600F}"
EndProject
Project("{FAE04EC0-301F-11D3-BF4B-00C04F79EFBC}") = "XamHelloWorld.iOS", "XamHelloWorld\XamHelloWorld.iOS\XamHelloWorld.iOS.csproj", "{D86D9195-3D0B-4FE1-A168-8D0D08757AD2}"
EndProject
Project("{FAE04EC0-301F-11D3-BF4B-00C04F79EFBC}") = "XamHelloWorld", "XamHelloWorld\XamHelloWorld\XamHelloWorld.csproj", "{FFC292D5-F649-4FE3-A23A-3F28473A1969}"
EndProject
Global
	GlobalSection(SolutionConfigurationPlatforms) = preSolution
		Debug|Any CPU = Debug|Any CPU
		Debug|iPhone = Debug|iPhone
		Debug|iPhoneSimulator = Debug|iPhoneSimulator
		Release|Any CPU = Release|Any CPU
		Release|iPhone = Release|iPhone
		Release|iPhoneSimulator = Release|iPhoneSimulator
	EndGlobalSection
	GlobalSection(ProjectConfigurationPlatforms) = postSolution
		{458CC06A-98C8-4E57-A102-3B6241EF600F}.Debug|Any CPU.ActiveCfg = Debug|Any CPU
		{458CC06A-98C8-4E57-A102-3B6241EF600F}.Debug|Any CPU.Build.0 = Debug|Any CPU
		{458CC06A-98C8-4E57-A102-3B6241EF600F}.Debug|Any CPU.Deploy.0 = Debug|Any CPU
		{458CC06A-98C8-4E57-A102-3B6241EF600F}.Debug|iPhone.ActiveCfg = Debug|Any CPU
		{458CC06A-98C8-4E57-A102-3B6241EF600F}.Debug|iPhone.Build.0 = Debug|Any CPU
		{458CC06A-98C8-4E57-A102-3B6241EF600F}.Debug|iPhone.Deploy.0 = Debug|Any CPU
		{458CC06A-98C8-4E57-A102-3B6241EF600F}.Debug|iPhoneSimulator.ActiveCfg = Debug|Any CPU
		{458CC06A-98C8-4E57-A102-3B6241EF600F}.Debug|iPhoneSimulator.Build.0 = Debug|Any CPU
		{458CC06A-98C8-4E57-A102-3B6241EF600F}.Debug|iPhoneSimulator.Deploy.0 = Debug|Any CPU
		{458CC06A-98C8-4E57-A102-3B6241EF600F}.Release|Any CPU.ActiveCfg = Release|Any CPU
		{458CC06A-98C8-4E57-A102-3B6241EF600F}.Release|Any CPU.Build.0 = Release|Any CPU
		{458CC06A-98C8-4E57-A102-3B6241EF600F}.Release|Any CPU.Deploy.0 = Release|Any CPU
		{458CC06A-98C8-4E57-A102-3B6241EF600F}.Release|iPhone.ActiveCfg = Release|Any CPU
		{458CC06A-98C8-4E57-A102-3B6241EF600F}.Release|iPhone.Build.0 = Release|Any CPU
		{458CC06A-98C8-4E57-A102-3B6241EF600F}.Release|iPhone.Deploy.0 = Release|Any CPU
		{458CC06A-98C8-4E57-A102-3B6241EF600F}.Release|iPhoneSimulator.ActiveCfg = Release|Any CPU
		{458CC06A-98C8-4E57-A102-3B6241EF600F}.Release|iPhoneSimulator.Build.0 = Release|Any CPU
		{458CC06A-98C8-4E57-A102-3B6241EF600F}.Release|iPhoneSimulator.Deploy.0 = Release|Any CPU
		{D86D9195-3D0B-4FE1-A168-8D0D08757AD2}.Debug|Any CPU.ActiveCfg = Debug|iPhone
		{D86D9195-3D0B-4FE1-A168-8D0D08757AD2}.Debug|Any CPU.Build.0 = Debug|iPhone
		{D86D9195-3D0B-4FE1-A168-8D0D08757AD2}.Debug|Any CPU.Deploy.0 = Debug|iPhone
		{D86D9195-3D0B-4FE1-A168-8D0D08757AD2}.Debug|iPhone.ActiveCfg = Debug|iPhone
		{D86D9195-3D0B-4FE1-A168-8D0D08757AD2}.Debug|iPhone.Build.0 = Debug|iPhone
		{D86D9195-3D0B-4FE1-A168-8D0D08757AD2}.Debug|iPhone.Deploy.0 = Debug|iPhone
		{D86D9195-3D0B-4FE1-A168-8D0D08757AD2}.Debug|iPhoneSimulator.ActiveCfg = Debug|iPhoneSimulator
		{D86D9195-3D0B-4FE1-A168-8D0D08757AD2}.Debug|iPhoneSimulator.Build.0 = Debug|iPhoneSimulator
		{D86D9195-3D0B-4FE1-A168-8D0D08757AD2}.Debug|iPhoneSimulator.Deploy.0 = Debug|iPhoneSimulator
		{D86D9195-3D0B-4FE1-A168-8D0D08757AD2}.Release|Any CPU.ActiveCfg = Release|iPhoneSimulator
		{D86D9195-3D0B-4FE1-A168-8D0D08757AD2}.Release|Any CPU.Build.0 = Release|iPhoneSimulator
		{D86D9195-3D0B-4FE1-A168-8D0D08757AD2}.Release|Any CPU.Deploy.0 = Release|iPhoneSimulator
		{D86D9195-3D0B-4FE1-A168-8D0D08757AD2}.Release|iPhone.ActiveCfg = Release|iPhone
		{D86D9195-3D0B-4FE1-A168-8D0D08757AD2}.Release|iPhone.Build.0 = Release|iPhone
		{D86D9195-3D0B-4FE1-A168-8D0D08757AD2}.Release|iPhone.Deploy.0 = Release|iPhone
		{D86D9195-3D0B-4FE1-A168-8D0D08757AD2}.Release|iPhoneSimulator.ActiveCfg = Release|iPhoneSimulator
		{D86D9195-3D0B-4FE1-A168-8D0D08757AD2}.Release|iPhoneSimulator.Build.0 = Release|iPhoneSimulator
		{D86D9195-3D0B-4FE1-A168-8D0D08757AD2}.Release|iPhoneSimulator.Deploy.0 = Release|iPhoneSimulator
		{FFC292D5-F649-4FE3-A23A-3F28473A1969}.Debug|Any CPU.ActiveCfg = Debug|Any CPU
		{FFC292D5-F649-4FE3-A23A-3F28473A1969}.Debug|Any CPU.Build.0 = Debug|Any CPU
		{FFC292D5-F649-4FE3-A23A-3F28473A1969}.Debug|Any CPU.Deploy.0 = Debug|Any CPU
		{FFC292D5-F649-4FE3-A23A-3F28473A1969}.Debug|iPhone.ActiveCfg = Debug|Any CPU
		{FFC292D5-F649-4FE3-A23A-3F28473A1969}.Debug|iPhone.Build.0 = Debug|Any CPU
		{FFC292D5-F649-4FE3-A23A-3F28473A1969}.Debug|iPhone.Deploy.0 = Debug|Any CPU
		{FFC292D5-F649-4FE3-A23A-3F28473A1969}.Debug|iPhoneSimulator.ActiveCfg = Debug|Any CPU
		{FFC292D5-F649-4FE3-A23A-3F28473A1969}.Debug|iPhoneSimulator.Build.0 = Debug|Any CPU
		{FFC292D5-F649-4FE3-A23A-3F28473A1969}.Debug|iPhoneSimulator.Deploy.0 = Debug|Any CPU
		{FFC292D5-F649-4FE3-A23A-3F28473A1969}.Release|Any CPU.ActiveCfg = Release|Any CPU
		{FFC292D5-F649-4FE3-A23A-3F28473A1969}.Release|Any CPU.Build.0 = Release|Any CPU
		{FFC292D5-F649-4FE3-A23A-3F28473A1969}.Release|Any CPU.Deploy.0 = Release|Any CPU
		{FFC292D5-F649-4FE3-A23A-3F28473A1969}.Release|iPhone.ActiveCfg = Release|Any CPU
		{FFC292D5-F649-4FE3-A23A-3F28473A1969}.Release|iPhone.Build.0 = Release|Any CPU
		{FFC292D5-F649-4FE3-A23A-3F28473A1969}.Release|iPhone.Deploy.0 = Release|Any CPU
		{FFC292D5-F649-4FE3-A23A-3F28473A1969}.Release|iPhoneSimulator.ActiveCfg = Release|Any CPU
		{FFC292D5-F649-4FE3-A23A-3F28473A1969}.Release|iPhoneSimulator.Build.0 = Release|Any CPU
		{FFC292D5-F649-4FE3-A23A-3F28473A1969}.Release|iPhoneSimulator.Deploy.0 = Release|Any CPU
	EndGlobalSection
	GlobalSection(SolutionProperties) = preSolution
		HideSolutionNode = FALSE
	EndGlobalSection
	GlobalSection(ExtensibilityGlobals) = postSolution
		SolutionGuid = {C1AEB43D-94E8-49CA-AEF2-C9B69B50A5C0}
	EndGlobalSection
EndGlobal
